// !$*UTF8*$!
{
	archiveVersion = 1;
	classes = {
	};
	objectVersion = 46;
	objects = {

/* Begin PBXBuildFile section */
		0D23F318169E128D00FE6639 /* SH.icns in Resources */ = {isa = PBXBuildFile; fileRef = 0D23F317169E128D00FE6639 /* SH.icns */; };
		0D23F321169E1C0600FE6639 /* DecklinkCallback.mm in Sources */ = {isa = PBXBuildFile; fileRef = 0D23F320169E1C0600FE6639 /* DecklinkCallback.mm */; };
		0D2F904016A5B7FF006B4414 /* QLabController.m in Sources */ = {isa = PBXBuildFile; fileRef = 0D2F903F16A5B7FE006B4414 /* QLabController.m */; };
		0D2F904316A5BF0B006B4414 /* qlab.icns in Resources */ = {isa = PBXBuildFile; fileRef = 0D2F904216A5BF0B006B4414 /* qlab.icns */; };
		0D79C73016A723060085ECC4 /* DeinterlaceFilter.m in Sources */ = {isa = PBXBuildFile; fileRef = 0DE6D51A16A7224900A3616F /* DeinterlaceFilter.m */; };
		0D79C73216A723460085ECC4 /* deinterlaceFilter.cikernel in Resources */ = {isa = PBXBuildFile; fileRef = 0DE6D51816A7224400A3616F /* deinterlaceFilter.cikernel */; };
		0DA1EB76169ED61700F88FF1 /* BlackMagicItem.mm in Sources */ = {isa = PBXBuildFile; fileRef = 0DA1EB75169ED61700F88FF1 /* BlackMagicItem.mm */; };
		0DA1EB78169EDA6500F88FF1 /* BlackMagicController.mm in Sources */ = {isa = PBXBuildFile; fileRef = 0D23F325169E1C1D00FE6639 /* BlackMagicController.mm */; };
		0DA1EB79169EDAD800F88FF1 /* DeckLinkAPIDispatch.cpp in Sources */ = {isa = PBXBuildFile; fileRef = 0D23F323169E1C1000FE6639 /* DeckLinkAPIDispatch.cpp */; };
		0DA1EB7C169EE33D00F88FF1 /* BeamSync.m in Sources */ = {isa = PBXBuildFile; fileRef = 0DA1EB7B169EE33D00F88FF1 /* BeamSync.m */; };
		0DA1EB7F169EE76100F88FF1 /* VideoBankRecorder.mm in Sources */ = {isa = PBXBuildFile; fileRef = 0DA1EB7E169EE76100F88FF1 /* VideoBankRecorder.mm */; };
		0DC3B04416A06BE500F0FEF7 /* QlabDragger.m in Sources */ = {isa = PBXBuildFile; fileRef = 0DC3B04316A06BE500F0FEF7 /* QlabDragger.m */; };
		0DC3B04816A0707300F0FEF7 /* drag.plist in Resources */ = {isa = PBXBuildFile; fileRef = 0DC3B04716A0707300F0FEF7 /* drag.plist */; };
		0DD6A03816A8630700973395 /* README.md in Resources */ = {isa = PBXBuildFile; fileRef = 0DD6A03516A8630700973395 /* README.md */; };
		0DD6A03A16A8634800973395 /* VDKQueue.m in Sources */ = {isa = PBXBuildFile; fileRef = 0DD6A03716A8630700973395 /* VDKQueue.m */; settings = {COMPILER_FLAGS = "-fno-objc-arc"; }; };
		0DE21A3D16A82C830099CAB8 /* Masking.m in Sources */ = {isa = PBXBuildFile; fileRef = 0DE21A3C16A82C830099CAB8 /* Masking.m */; };
		0DE6D50816A6EFD100A3616F /* CoreMIDI.framework in Frameworks */ = {isa = PBXBuildFile; fileRef = 0DE6D50716A6EFD100A3616F /* CoreMIDI.framework */; };
		0DE6D50D16A6F23800A3616F /* MIDIReceiver.mm in Sources */ = {isa = PBXBuildFile; fileRef = 0DE6D50C16A6F23800A3616F /* MIDIReceiver.mm */; };
		0DE6D51016A70A2600A3616F /* LiveMixer.m in Sources */ = {isa = PBXBuildFile; fileRef = 0DE6D50F16A70A2600A3616F /* LiveMixer.m */; };
		0DE6D51716A71AEB00A3616F /* Filters.m in Sources */ = {isa = PBXBuildFile; fileRef = 0DE6D51616A71AEA00A3616F /* Filters.m */; };
		0DED230E16A465EF002C438F /* VideoBankSimPlayer.m in Sources */ = {isa = PBXBuildFile; fileRef = 0DED230D16A465EF002C438F /* VideoBankSimPlayer.m */; };
		0DF893AE16A98F120026A2CE /* MyAvPlayerLayer.m in Sources */ = {isa = PBXBuildFile; fileRef = 0DF893AD16A98F120026A2CE /* MyAvPlayerLayer.m */; };
		DD0B71EA169AC57C0081762E /* VideoPlayerView.m in Sources */ = {isa = PBXBuildFile; fileRef = DD0B71E9169AC57C0081762E /* VideoPlayerView.m */; };
		DD0B71ED169AC60E0081762E /* Quartz.framework in Frameworks */ = {isa = PBXBuildFile; fileRef = DD0B71EC169AC60E0081762E /* Quartz.framework */; };
		DD0B71F1169AD46B0081762E /* CoreMedia.framework in Frameworks */ = {isa = PBXBuildFile; fileRef = DD0B71F0169AD46B0081762E /* CoreMedia.framework */; };
		DD0B71F4169AE73A0081762E /* CoreImageViewer.m in Sources */ = {isa = PBXBuildFile; fileRef = DD0B71F3169AE73A0081762E /* CoreImageViewer.m */; };
		DD0B71F7169AE7B80081762E /* OutputWindow.m in Sources */ = {isa = PBXBuildFile; fileRef = DD0B71F6169AE7B70081762E /* OutputWindow.m */; };
		DD0B71FA169AED850081762E /* VideoBankPlayer.m in Sources */ = {isa = PBXBuildFile; fileRef = DD0B71F9169AED850081762E /* VideoBankPlayer.m */; };
		DD1A2DE11699E572001B4423 /* Cocoa.framework in Frameworks */ = {isa = PBXBuildFile; fileRef = DD1A2DE01699E572001B4423 /* Cocoa.framework */; };
		DD1A2DEB1699E572001B4423 /* InfoPlist.strings in Resources */ = {isa = PBXBuildFile; fileRef = DD1A2DE91699E572001B4423 /* InfoPlist.strings */; };
		DD1A2DED1699E572001B4423 /* main.m in Sources */ = {isa = PBXBuildFile; fileRef = DD1A2DEC1699E572001B4423 /* main.m */; };
		DD1A2DF11699E572001B4423 /* Credits.rtf in Resources */ = {isa = PBXBuildFile; fileRef = DD1A2DEF1699E572001B4423 /* Credits.rtf */; };
		DD1A2DF41699E572001B4423 /* AppDelegate.mm in Sources */ = {isa = PBXBuildFile; fileRef = DD1A2DF31699E572001B4423 /* AppDelegate.mm */; };
		DD1A2DF71699E572001B4423 /* MainMenu.xib in Resources */ = {isa = PBXBuildFile; fileRef = DD1A2DF51699E572001B4423 /* MainMenu.xib */; };
		DD1A2DFF1699E651001B4423 /* README.md in Resources */ = {isa = PBXBuildFile; fileRef = DD1A2DFE1699E651001B4423 /* README.md */; };
		DD1A2E061699EC50001B4423 /* VideoBank.m in Sources */ = {isa = PBXBuildFile; fileRef = DD1A2E051699EC50001B4423 /* VideoBank.m */; };
		DD1A2E09169A0808001B4423 /* VideoBankItem.m in Sources */ = {isa = PBXBuildFile; fileRef = DD1A2E08169A0808001B4423 /* VideoBankItem.m */; };
		DD1A2E0B169A2131001B4423 /* AVFoundation.framework in Frameworks */ = {isa = PBXBuildFile; fileRef = DD1A2E0A169A2131001B4423 /* AVFoundation.framework */; };
		DDEB04CB169B39AC009FBF86 /* BankTableViewCellView.m in Sources */ = {isa = PBXBuildFile; fileRef = DDEB04CA169B39AC009FBF86 /* BankTableViewCellView.m */; };
/* End PBXBuildFile section */

/* Begin PBXFileReference section */
		0D23F317169E128D00FE6639 /* SH.icns */ = {isa = PBXFileReference; lastKnownFileType = image.icns; name = SH.icns; path = ../../SH.icns; sourceTree = "<group>"; };
		0D23F31F169E1C0100FE6639 /* DecklinkCallback.h */ = {isa = PBXFileReference; lastKnownFileType = sourcecode.c.h; path = DecklinkCallback.h; sourceTree = "<group>"; };
		0D23F320169E1C0600FE6639 /* DecklinkCallback.mm */ = {isa = PBXFileReference; fileEncoding = 4; lastKnownFileType = sourcecode.cpp.objcpp; path = DecklinkCallback.mm; sourceTree = "<group>"; };
		0D23F322169E1C1000FE6639 /* DeckLinkAPI.h */ = {isa = PBXFileReference; lastKnownFileType = sourcecode.c.h; path = DeckLinkAPI.h; sourceTree = "<group>"; };
		0D23F323169E1C1000FE6639 /* DeckLinkAPIDispatch.cpp */ = {isa = PBXFileReference; lastKnownFileType = sourcecode.cpp.cpp; path = DeckLinkAPIDispatch.cpp; sourceTree = "<group>"; };
		0D23F324169E1C1D00FE6639 /* BlackMagicController.h */ = {isa = PBXFileReference; lastKnownFileType = sourcecode.c.h; path = BlackMagicController.h; sourceTree = "<group>"; };
		0D23F325169E1C1D00FE6639 /* BlackMagicController.mm */ = {isa = PBXFileReference; lastKnownFileType = sourcecode.cpp.objcpp; path = BlackMagicController.mm; sourceTree = "<group>"; };
		0D2F903E16A5B7FE006B4414 /* QLabController.h */ = {isa = PBXFileReference; fileEncoding = 4; lastKnownFileType = sourcecode.c.h; path = QLabController.h; sourceTree = "<group>"; };
		0D2F903F16A5B7FE006B4414 /* QLabController.m */ = {isa = PBXFileReference; fileEncoding = 4; lastKnownFileType = sourcecode.c.objc; path = QLabController.m; sourceTree = "<group>"; };
		0D2F904216A5BF0B006B4414 /* qlab.icns */ = {isa = PBXFileReference; lastKnownFileType = image.icns; path = qlab.icns; sourceTree = "<group>"; };
		0DA1EB74169ED61700F88FF1 /* BlackMagicItem.h */ = {isa = PBXFileReference; fileEncoding = 4; lastKnownFileType = sourcecode.c.h; path = BlackMagicItem.h; sourceTree = "<group>"; };
		0DA1EB75169ED61700F88FF1 /* BlackMagicItem.mm */ = {isa = PBXFileReference; fileEncoding = 4; lastKnownFileType = sourcecode.cpp.objcpp; path = BlackMagicItem.mm; sourceTree = "<group>"; };
		0DA1EB7A169EE33D00F88FF1 /* BeamSync.h */ = {isa = PBXFileReference; fileEncoding = 4; lastKnownFileType = sourcecode.c.h; path = BeamSync.h; sourceTree = "<group>"; };
		0DA1EB7B169EE33D00F88FF1 /* BeamSync.m */ = {isa = PBXFileReference; fileEncoding = 4; lastKnownFileType = sourcecode.c.objc; path = BeamSync.m; sourceTree = "<group>"; };
		0DA1EB7D169EE76100F88FF1 /* VideoBankRecorder.h */ = {isa = PBXFileReference; fileEncoding = 4; lastKnownFileType = sourcecode.c.h; path = VideoBankRecorder.h; sourceTree = "<group>"; };
		0DA1EB7E169EE76100F88FF1 /* VideoBankRecorder.mm */ = {isa = PBXFileReference; fileEncoding = 4; lastKnownFileType = sourcecode.cpp.objcpp; path = VideoBankRecorder.mm; sourceTree = "<group>"; };
		0DC3B04216A06BE500F0FEF7 /* QlabDragger.h */ = {isa = PBXFileReference; fileEncoding = 4; lastKnownFileType = sourcecode.c.h; path = QlabDragger.h; sourceTree = "<group>"; };
		0DC3B04316A06BE500F0FEF7 /* QlabDragger.m */ = {isa = PBXFileReference; fileEncoding = 4; lastKnownFileType = sourcecode.c.objc; path = QlabDragger.m; sourceTree = "<group>"; };
		0DC3B04716A0707300F0FEF7 /* drag.plist */ = {isa = PBXFileReference; fileEncoding = 4; lastKnownFileType = text.plist.xml; path = drag.plist; sourceTree = "<group>"; };
		0DD6A03516A8630700973395 /* README.md */ = {isa = PBXFileReference; fileEncoding = 4; lastKnownFileType = text; path = README.md; sourceTree = "<group>"; };
		0DD6A03616A8630700973395 /* VDKQueue.h */ = {isa = PBXFileReference; fileEncoding = 4; lastKnownFileType = sourcecode.c.h; path = VDKQueue.h; sourceTree = "<group>"; };
		0DD6A03716A8630700973395 /* VDKQueue.m */ = {isa = PBXFileReference; fileEncoding = 4; lastKnownFileType = sourcecode.c.objc; path = VDKQueue.m; sourceTree = "<group>"; };
		0DE21A3B16A82C830099CAB8 /* Masking.h */ = {isa = PBXFileReference; fileEncoding = 4; lastKnownFileType = sourcecode.c.h; path = Masking.h; sourceTree = "<group>"; };
		0DE21A3C16A82C830099CAB8 /* Masking.m */ = {isa = PBXFileReference; fileEncoding = 4; lastKnownFileType = sourcecode.c.objc; path = Masking.m; sourceTree = "<group>"; };
		0DE6D50716A6EFD100A3616F /* CoreMIDI.framework */ = {isa = PBXFileReference; lastKnownFileType = wrapper.framework; name = CoreMIDI.framework; path = System/Library/Frameworks/CoreMIDI.framework; sourceTree = SDKROOT; };
		0DE6D50B16A6F23800A3616F /* MIDIReceiver.h */ = {isa = PBXFileReference; fileEncoding = 4; lastKnownFileType = sourcecode.c.h; path = MIDIReceiver.h; sourceTree = "<group>"; };
		0DE6D50C16A6F23800A3616F /* MIDIReceiver.mm */ = {isa = PBXFileReference; fileEncoding = 4; lastKnownFileType = sourcecode.cpp.objcpp; path = MIDIReceiver.mm; sourceTree = "<group>"; };
		0DE6D50E16A70A2500A3616F /* LiveMixer.h */ = {isa = PBXFileReference; fileEncoding = 4; lastKnownFileType = sourcecode.c.h; path = LiveMixer.h; sourceTree = "<group>"; };
		0DE6D50F16A70A2600A3616F /* LiveMixer.m */ = {isa = PBXFileReference; fileEncoding = 4; lastKnownFileType = sourcecode.c.objc; path = LiveMixer.m; sourceTree = "<group>"; };
		0DE6D51516A71AEA00A3616F /* Filters.h */ = {isa = PBXFileReference; fileEncoding = 4; lastKnownFileType = sourcecode.c.h; path = Filters.h; sourceTree = "<group>"; };
		0DE6D51616A71AEA00A3616F /* Filters.m */ = {isa = PBXFileReference; fileEncoding = 4; lastKnownFileType = sourcecode.c.objc; path = Filters.m; sourceTree = "<group>"; };
		0DE6D51816A7224400A3616F /* deinterlaceFilter.cikernel */ = {isa = PBXFileReference; lastKnownFileType = text; path = deinterlaceFilter.cikernel; sourceTree = "<group>"; };
		0DE6D51916A7224500A3616F /* DeinterlaceFilter.h */ = {isa = PBXFileReference; lastKnownFileType = sourcecode.c.h; path = DeinterlaceFilter.h; sourceTree = "<group>"; };
		0DE6D51A16A7224900A3616F /* DeinterlaceFilter.m */ = {isa = PBXFileReference; lastKnownFileType = sourcecode.c.objc; path = DeinterlaceFilter.m; sourceTree = "<group>"; };
		0DED230C16A465EF002C438F /* VideoBankSimPlayer.h */ = {isa = PBXFileReference; fileEncoding = 4; lastKnownFileType = sourcecode.c.h; path = VideoBankSimPlayer.h; sourceTree = "<group>"; };
		0DED230D16A465EF002C438F /* VideoBankSimPlayer.m */ = {isa = PBXFileReference; fileEncoding = 4; lastKnownFileType = sourcecode.c.objc; path = VideoBankSimPlayer.m; sourceTree = "<group>"; };
		0DF893AC16A98F110026A2CE /* MyAvPlayerLayer.h */ = {isa = PBXFileReference; fileEncoding = 4; lastKnownFileType = sourcecode.c.h; path = MyAvPlayerLayer.h; sourceTree = "<group>"; };
		0DF893AD16A98F120026A2CE /* MyAvPlayerLayer.m */ = {isa = PBXFileReference; fileEncoding = 4; lastKnownFileType = sourcecode.c.objc; path = MyAvPlayerLayer.m; sourceTree = "<group>"; };
		DD0B71E8169AC57C0081762E /* VideoPlayerView.h */ = {isa = PBXFileReference; fileEncoding = 4; lastKnownFileType = sourcecode.c.h; path = VideoPlayerView.h; sourceTree = "<group>"; };
		DD0B71E9169AC57C0081762E /* VideoPlayerView.m */ = {isa = PBXFileReference; fileEncoding = 4; lastKnownFileType = sourcecode.c.objc; path = VideoPlayerView.m; sourceTree = "<group>"; };
		DD0B71EC169AC60E0081762E /* Quartz.framework */ = {isa = PBXFileReference; lastKnownFileType = wrapper.framework; name = Quartz.framework; path = System/Library/Frameworks/Quartz.framework; sourceTree = SDKROOT; };
		DD0B71EF169AC8500081762E /* NSString+Timecode.h */ = {isa = PBXFileReference; lastKnownFileType = sourcecode.c.h; path = "NSString+Timecode.h"; sourceTree = "<group>"; };
		DD0B71F0169AD46B0081762E /* CoreMedia.framework */ = {isa = PBXFileReference; lastKnownFileType = wrapper.framework; name = CoreMedia.framework; path = System/Library/Frameworks/CoreMedia.framework; sourceTree = SDKROOT; };
		DD0B71F2169AE73A0081762E /* CoreImageViewer.h */ = {isa = PBXFileReference; fileEncoding = 4; lastKnownFileType = sourcecode.c.h; path = CoreImageViewer.h; sourceTree = "<group>"; };
		DD0B71F3169AE73A0081762E /* CoreImageViewer.m */ = {isa = PBXFileReference; fileEncoding = 4; lastKnownFileType = sourcecode.c.objc; path = CoreImageViewer.m; sourceTree = "<group>"; };
		DD0B71F5169AE7B70081762E /* OutputWindow.h */ = {isa = PBXFileReference; fileEncoding = 4; lastKnownFileType = sourcecode.c.h; path = OutputWindow.h; sourceTree = "<group>"; };
		DD0B71F6169AE7B70081762E /* OutputWindow.m */ = {isa = PBXFileReference; fileEncoding = 4; lastKnownFileType = sourcecode.c.objc; path = OutputWindow.m; sourceTree = "<group>"; };
		DD0B71F8169AED850081762E /* VideoBankPlayer.h */ = {isa = PBXFileReference; fileEncoding = 4; lastKnownFileType = sourcecode.c.h; path = VideoBankPlayer.h; sourceTree = "<group>"; };
		DD0B71F9169AED850081762E /* VideoBankPlayer.m */ = {isa = PBXFileReference; fileEncoding = 4; lastKnownFileType = sourcecode.c.objc; path = VideoBankPlayer.m; sourceTree = "<group>"; };
		DD1A2DDC1699E572001B4423 /* SH.app */ = {isa = PBXFileReference; explicitFileType = wrapper.application; includeInIndex = 0; path = SH.app; sourceTree = BUILT_PRODUCTS_DIR; };
		DD1A2DE01699E572001B4423 /* Cocoa.framework */ = {isa = PBXFileReference; lastKnownFileType = wrapper.framework; name = Cocoa.framework; path = System/Library/Frameworks/Cocoa.framework; sourceTree = SDKROOT; };
		DD1A2DE31699E572001B4423 /* AppKit.framework */ = {isa = PBXFileReference; lastKnownFileType = wrapper.framework; name = AppKit.framework; path = System/Library/Frameworks/AppKit.framework; sourceTree = SDKROOT; };
		DD1A2DE41699E572001B4423 /* CoreData.framework */ = {isa = PBXFileReference; lastKnownFileType = wrapper.framework; name = CoreData.framework; path = System/Library/Frameworks/CoreData.framework; sourceTree = SDKROOT; };
		DD1A2DE51699E572001B4423 /* Foundation.framework */ = {isa = PBXFileReference; lastKnownFileType = wrapper.framework; name = Foundation.framework; path = System/Library/Frameworks/Foundation.framework; sourceTree = SDKROOT; };
		DD1A2DE81699E572001B4423 /* SH-Info.plist */ = {isa = PBXFileReference; lastKnownFileType = text.plist.xml; path = "SH-Info.plist"; sourceTree = "<group>"; };
		DD1A2DEA1699E572001B4423 /* en */ = {isa = PBXFileReference; lastKnownFileType = text.plist.strings; name = en; path = en.lproj/InfoPlist.strings; sourceTree = "<group>"; };
		DD1A2DEC1699E572001B4423 /* main.m */ = {isa = PBXFileReference; lastKnownFileType = sourcecode.c.objc; path = main.m; sourceTree = "<group>"; };
		DD1A2DEE1699E572001B4423 /* SH-Prefix.pch */ = {isa = PBXFileReference; lastKnownFileType = sourcecode.c.h; path = "SH-Prefix.pch"; sourceTree = "<group>"; };
		DD1A2DF01699E572001B4423 /* en */ = {isa = PBXFileReference; lastKnownFileType = text.rtf; name = en; path = en.lproj/Credits.rtf; sourceTree = "<group>"; };
		DD1A2DF21699E572001B4423 /* AppDelegate.h */ = {isa = PBXFileReference; lastKnownFileType = sourcecode.c.h; path = AppDelegate.h; sourceTree = "<group>"; };
		DD1A2DF31699E572001B4423 /* AppDelegate.mm */ = {isa = PBXFileReference; lastKnownFileType = sourcecode.cpp.objcpp; path = AppDelegate.mm; sourceTree = "<group>"; };
		DD1A2DF61699E572001B4423 /* en */ = {isa = PBXFileReference; lastKnownFileType = file.xib; name = en; path = en.lproj/MainMenu.xib; sourceTree = "<group>"; };
		DD1A2DFE1699E651001B4423 /* README.md */ = {isa = PBXFileReference; fileEncoding = 4; lastKnownFileType = text; path = README.md; sourceTree = "<group>"; };
		DD1A2E041699EC50001B4423 /* VideoBank.h */ = {isa = PBXFileReference; fileEncoding = 4; lastKnownFileType = sourcecode.c.h; path = VideoBank.h; sourceTree = "<group>"; };
		DD1A2E051699EC50001B4423 /* VideoBank.m */ = {isa = PBXFileReference; fileEncoding = 4; lastKnownFileType = sourcecode.c.objc; path = VideoBank.m; sourceTree = "<group>"; };
		DD1A2E07169A0808001B4423 /* VideoBankItem.h */ = {isa = PBXFileReference; fileEncoding = 4; lastKnownFileType = sourcecode.c.h; path = VideoBankItem.h; sourceTree = "<group>"; };
		DD1A2E08169A0808001B4423 /* VideoBankItem.m */ = {isa = PBXFileReference; fileEncoding = 4; lastKnownFileType = sourcecode.c.objc; path = VideoBankItem.m; sourceTree = "<group>"; };
		DD1A2E0A169A2131001B4423 /* AVFoundation.framework */ = {isa = PBXFileReference; lastKnownFileType = wrapper.framework; name = AVFoundation.framework; path = System/Library/Frameworks/AVFoundation.framework; sourceTree = SDKROOT; };
		DDEB04C9169B39AC009FBF86 /* BankTableViewCellView.h */ = {isa = PBXFileReference; fileEncoding = 4; lastKnownFileType = sourcecode.c.h; path = BankTableViewCellView.h; sourceTree = "<group>"; };
		DDEB04CA169B39AC009FBF86 /* BankTableViewCellView.m */ = {isa = PBXFileReference; fileEncoding = 4; lastKnownFileType = sourcecode.c.objc; path = BankTableViewCellView.m; sourceTree = "<group>"; };
/* End PBXFileReference section */

/* Begin PBXFrameworksBuildPhase section */
		DD1A2DD91699E572001B4423 /* Frameworks */ = {
			isa = PBXFrameworksBuildPhase;
			buildActionMask = 2147483647;
			files = (
				0DE6D50816A6EFD100A3616F /* CoreMIDI.framework in Frameworks */,
				DD0B71F1169AD46B0081762E /* CoreMedia.framework in Frameworks */,
				DD0B71ED169AC60E0081762E /* Quartz.framework in Frameworks */,
				DD1A2E0B169A2131001B4423 /* AVFoundation.framework in Frameworks */,
				DD1A2DE11699E572001B4423 /* Cocoa.framework in Frameworks */,
			);
			runOnlyForDeploymentPostprocessing = 0;
		};
/* End PBXFrameworksBuildPhase section */

/* Begin PBXGroup section */
		0D23F31E169E1BA300FE6639 /* DeckLink */ = {
			isa = PBXGroup;
			children = (
				0D23F324169E1C1D00FE6639 /* BlackMagicController.h */,
				0D23F325169E1C1D00FE6639 /* BlackMagicController.mm */,
				0DA1EB74169ED61700F88FF1 /* BlackMagicItem.h */,
				0DA1EB75169ED61700F88FF1 /* BlackMagicItem.mm */,
				0D23F31F169E1C0100FE6639 /* DecklinkCallback.h */,
				0D23F320169E1C0600FE6639 /* DecklinkCallback.mm */,
				0D23F322169E1C1000FE6639 /* DeckLinkAPI.h */,
				0D23F323169E1C1000FE6639 /* DeckLinkAPIDispatch.cpp */,
			);
			path = DeckLink;
			sourceTree = "<group>";
		};
		0DD6A03416A8630700973395 /* VDKQueue-master */ = {
			isa = PBXGroup;
			children = (
				0DD6A03516A8630700973395 /* README.md */,
				0DD6A03616A8630700973395 /* VDKQueue.h */,
				0DD6A03716A8630700973395 /* VDKQueue.m */,
			);
			path = "VDKQueue-master";
			sourceTree = "<group>";
		};
		DD1A2DD11699E572001B4423 = {
			isa = PBXGroup;
			children = (
				0DE6D50716A6EFD100A3616F /* CoreMIDI.framework */,
				0D2F904216A5BF0B006B4414 /* qlab.icns */,
				DD0B71F0169AD46B0081762E /* CoreMedia.framework */,
				DD0B71EC169AC60E0081762E /* Quartz.framework */,
				DD1A2E0A169A2131001B4423 /* AVFoundation.framework */,
				DD1A2DE61699E572001B4423 /* SH */,
				DD1A2DDF1699E572001B4423 /* Frameworks */,
				DD1A2DDD1699E572001B4423 /* Products */,
			);
			sourceTree = "<group>";
		};
		DD1A2DDD1699E572001B4423 /* Products */ = {
			isa = PBXGroup;
			children = (
				DD1A2DDC1699E572001B4423 /* SH.app */,
			);
			name = Products;
			sourceTree = "<group>";
		};
		DD1A2DDF1699E572001B4423 /* Frameworks */ = {
			isa = PBXGroup;
			children = (
				DD1A2DE01699E572001B4423 /* Cocoa.framework */,
				DD1A2DE21699E572001B4423 /* Other Frameworks */,
			);
			name = Frameworks;
			sourceTree = "<group>";
		};
		DD1A2DE21699E572001B4423 /* Other Frameworks */ = {
			isa = PBXGroup;
			children = (
				DD1A2DE31699E572001B4423 /* AppKit.framework */,
				DD1A2DE41699E572001B4423 /* CoreData.framework */,
				DD1A2DE51699E572001B4423 /* Foundation.framework */,
			);
			name = "Other Frameworks";
			sourceTree = "<group>";
		};
		DD1A2DE61699E572001B4423 /* SH */ = {
			isa = PBXGroup;
			children = (
				0DD6A03416A8630700973395 /* VDKQueue-master */,
				DD1A2DFD1699E651001B4423 /* VideoSuiteUtilities */,
				DD1A2DF21699E572001B4423 /* AppDelegate.h */,
				DD1A2DF31699E572001B4423 /* AppDelegate.mm */,
				DD1A2DF51699E572001B4423 /* MainMenu.xib */,
				0DC3B04716A0707300F0FEF7 /* drag.plist */,
				DD1A2DE71699E572001B4423 /* Supporting Files */,
			);
			path = SH;
			sourceTree = "<group>";
		};
		DD1A2DE71699E572001B4423 /* Supporting Files */ = {
			isa = PBXGroup;
			children = (
				0D23F317169E128D00FE6639 /* SH.icns */,
				DD1A2DE81699E572001B4423 /* SH-Info.plist */,
				DD1A2DE91699E572001B4423 /* InfoPlist.strings */,
				DD1A2DEC1699E572001B4423 /* main.m */,
				DD1A2DEE1699E572001B4423 /* SH-Prefix.pch */,
				DD1A2DEF1699E572001B4423 /* Credits.rtf */,
			);
			name = "Supporting Files";
			sourceTree = "<group>";
		};
		DD1A2DFD1699E651001B4423 /* VideoSuiteUtilities */ = {
			isa = PBXGroup;
			children = (
				0D23F31E169E1BA300FE6639 /* DeckLink */,
				DD1A2DFE1699E651001B4423 /* README.md */,
				DD1A2E041699EC50001B4423 /* VideoBank.h */,
				DD1A2E051699EC50001B4423 /* VideoBank.m */,
				DD1A2E07169A0808001B4423 /* VideoBankItem.h */,
				DD1A2E08169A0808001B4423 /* VideoBankItem.m */,
				DD0B71F8169AED850081762E /* VideoBankPlayer.h */,
				DD0B71F9169AED850081762E /* VideoBankPlayer.m */,
				0DED230C16A465EF002C438F /* VideoBankSimPlayer.h */,
				0DED230D16A465EF002C438F /* VideoBankSimPlayer.m */,
				0DF893AC16A98F110026A2CE /* MyAvPlayerLayer.h */,
				0DF893AD16A98F120026A2CE /* MyAvPlayerLayer.m */,
				DD0B71E8169AC57C0081762E /* VideoPlayerView.h */,
				DD0B71E9169AC57C0081762E /* VideoPlayerView.m */,
				0DA1EB7D169EE76100F88FF1 /* VideoBankRecorder.h */,
				0DA1EB7E169EE76100F88FF1 /* VideoBankRecorder.mm */,
				0DE6D50E16A70A2500A3616F /* LiveMixer.h */,
				0DE6D50F16A70A2600A3616F /* LiveMixer.m */,
				0DE6D51516A71AEA00A3616F /* Filters.h */,
				0DE6D51616A71AEA00A3616F /* Filters.m */,
				0DE21A3B16A82C830099CAB8 /* Masking.h */,
				0DE21A3C16A82C830099CAB8 /* Masking.m */,
				DD0B71F2169AE73A0081762E /* CoreImageViewer.h */,
				DD0B71F3169AE73A0081762E /* CoreImageViewer.m */,
				DD0B71F5169AE7B70081762E /* OutputWindow.h */,
				DD0B71F6169AE7B70081762E /* OutputWindow.m */,
				DDEB04C9169B39AC009FBF86 /* BankTableViewCellView.h */,
				DDEB04CA169B39AC009FBF86 /* BankTableViewCellView.m */,
				DD0B71EF169AC8500081762E /* NSString+Timecode.h */,
				0DC3B04216A06BE500F0FEF7 /* QlabDragger.h */,
				0DC3B04316A06BE500F0FEF7 /* QlabDragger.m */,
				0DE6D50B16A6F23800A3616F /* MIDIReceiver.h */,
				0DE6D50C16A6F23800A3616F /* MIDIReceiver.mm */,
				0DA1EB7A169EE33D00F88FF1 /* BeamSync.h */,
				0DA1EB7B169EE33D00F88FF1 /* BeamSync.m */,
				0D2F903E16A5B7FE006B4414 /* QLabController.h */,
				0D2F903F16A5B7FE006B4414 /* QLabController.m */,
				0DE6D51816A7224400A3616F /* deinterlaceFilter.cikernel */,
				0DE6D51916A7224500A3616F /* DeinterlaceFilter.h */,
				0DE6D51A16A7224900A3616F /* DeinterlaceFilter.m */,
			);
			name = VideoSuiteUtilities;
			path = ../../VideoSuiteUtilities;
			sourceTree = "<group>";
		};
/* End PBXGroup section */

/* Begin PBXNativeTarget section */
		DD1A2DDB1699E572001B4423 /* SH */ = {
			isa = PBXNativeTarget;
			buildConfigurationList = DD1A2DFA1699E572001B4423 /* Build configuration list for PBXNativeTarget "SH" */;
			buildPhases = (
				DD1A2DD81699E572001B4423 /* Sources */,
				DD1A2DD91699E572001B4423 /* Frameworks */,
				DD1A2DDA1699E572001B4423 /* Resources */,
			);
			buildRules = (
			);
			dependencies = (
			);
			name = SH;
			productName = SH;
			productReference = DD1A2DDC1699E572001B4423 /* SH.app */;
			productType = "com.apple.product-type.application";
		};
/* End PBXNativeTarget section */

/* Begin PBXProject section */
		DD1A2DD31699E572001B4423 /* Project object */ = {
			isa = PBXProject;
			attributes = {
				LastUpgradeCheck = 0450;
				ORGANIZATIONNAME = HalfdanJ;
			};
			buildConfigurationList = DD1A2DD61699E572001B4423 /* Build configuration list for PBXProject "SH" */;
			compatibilityVersion = "Xcode 3.2";
			developmentRegion = English;
			hasScannedForEncodings = 0;
			knownRegions = (
				en,
			);
			mainGroup = DD1A2DD11699E572001B4423;
			productRefGroup = DD1A2DDD1699E572001B4423 /* Products */;
			projectDirPath = "";
			projectRoot = "";
			targets = (
				DD1A2DDB1699E572001B4423 /* SH */,
			);
		};
/* End PBXProject section */

/* Begin PBXResourcesBuildPhase section */
		DD1A2DDA1699E572001B4423 /* Resources */ = {
			isa = PBXResourcesBuildPhase;
			buildActionMask = 2147483647;
			files = (
				DD1A2DEB1699E572001B4423 /* InfoPlist.strings in Resources */,
				DD1A2DF11699E572001B4423 /* Credits.rtf in Resources */,
				DD1A2DF71699E572001B4423 /* MainMenu.xib in Resources */,
				DD1A2DFF1699E651001B4423 /* README.md in Resources */,
				0D23F318169E128D00FE6639 /* SH.icns in Resources */,
				0DC3B04816A0707300F0FEF7 /* drag.plist in Resources */,
				0D2F904316A5BF0B006B4414 /* qlab.icns in Resources */,
				0D79C73216A723460085ECC4 /* deinterlaceFilter.cikernel in Resources */,
				0DD6A03816A8630700973395 /* README.md in Resources */,
			);
			runOnlyForDeploymentPostprocessing = 0;
		};
/* End PBXResourcesBuildPhase section */

/* Begin PBXSourcesBuildPhase section */
		DD1A2DD81699E572001B4423 /* Sources */ = {
			isa = PBXSourcesBuildPhase;
			buildActionMask = 2147483647;
			files = (
				DD1A2DED1699E572001B4423 /* main.m in Sources */,
				DD1A2DF41699E572001B4423 /* AppDelegate.mm in Sources */,
				DD1A2E061699EC50001B4423 /* VideoBank.m in Sources */,
				DD1A2E09169A0808001B4423 /* VideoBankItem.m in Sources */,
				DD0B71EA169AC57C0081762E /* VideoPlayerView.m in Sources */,
				DD0B71F4169AE73A0081762E /* CoreImageViewer.m in Sources */,
				DD0B71F7169AE7B80081762E /* OutputWindow.m in Sources */,
				DD0B71FA169AED850081762E /* VideoBankPlayer.m in Sources */,
				DDEB04CB169B39AC009FBF86 /* BankTableViewCellView.m in Sources */,
				0DA1EB76169ED61700F88FF1 /* BlackMagicItem.mm in Sources */,
				0DA1EB78169EDA6500F88FF1 /* BlackMagicController.mm in Sources */,
				0D23F321169E1C0600FE6639 /* DecklinkCallback.mm in Sources */,
				0DA1EB79169EDAD800F88FF1 /* DeckLinkAPIDispatch.cpp in Sources */,
				0DA1EB7C169EE33D00F88FF1 /* BeamSync.m in Sources */,
				0DA1EB7F169EE76100F88FF1 /* VideoBankRecorder.mm in Sources */,
				0DC3B04416A06BE500F0FEF7 /* QlabDragger.m in Sources */,
				0DED230E16A465EF002C438F /* VideoBankSimPlayer.m in Sources */,
				0D2F904016A5B7FF006B4414 /* QLabController.m in Sources */,
				0DE6D50D16A6F23800A3616F /* MIDIReceiver.mm in Sources */,
				0DE6D51016A70A2600A3616F /* LiveMixer.m in Sources */,
				0DE6D51716A71AEB00A3616F /* Filters.m in Sources */,
				0D79C73016A723060085ECC4 /* DeinterlaceFilter.m in Sources */,
				0DE21A3D16A82C830099CAB8 /* Masking.m in Sources */,
				0DD6A03A16A8634800973395 /* VDKQueue.m in Sources */,
				0DF893AE16A98F120026A2CE /* MyAvPlayerLayer.m in Sources */,
			);
			runOnlyForDeploymentPostprocessing = 0;
		};
/* End PBXSourcesBuildPhase section */

/* Begin PBXVariantGroup section */
		DD1A2DE91699E572001B4423 /* InfoPlist.strings */ = {
			isa = PBXVariantGroup;
			children = (
				DD1A2DEA1699E572001B4423 /* en */,
			);
			name = InfoPlist.strings;
			sourceTree = "<group>";
		};
		DD1A2DEF1699E572001B4423 /* Credits.rtf */ = {
			isa = PBXVariantGroup;
			children = (
				DD1A2DF01699E572001B4423 /* en */,
			);
			name = Credits.rtf;
			sourceTree = "<group>";
		};
		DD1A2DF51699E572001B4423 /* MainMenu.xib */ = {
			isa = PBXVariantGroup;
			children = (
				DD1A2DF61699E572001B4423 /* en */,
			);
			name = MainMenu.xib;
			sourceTree = "<group>";
		};
/* End PBXVariantGroup section */

/* Begin XCBuildConfiguration section */
		DD1A2DF81699E572001B4423 /* Debug */ = {
			isa = XCBuildConfiguration;
			buildSettings = {
				ALWAYS_SEARCH_USER_PATHS = NO;
				ARCHS = "$(ARCHS_STANDARD_64_BIT)";
				CLANG_CXX_LANGUAGE_STANDARD = "gnu++0x";
				CLANG_CXX_LIBRARY = "libc++";
				CLANG_ENABLE_OBJC_ARC = YES;
				CLANG_WARN_EMPTY_BODY = YES;
				CLANG_WARN__DUPLICATE_METHOD_MATCH = YES;
				COPY_PHASE_STRIP = NO;
				GCC_C_LANGUAGE_STANDARD = gnu99;
				GCC_DYNAMIC_NO_PIC = NO;
				GCC_ENABLE_OBJC_EXCEPTIONS = YES;
				GCC_OPTIMIZATION_LEVEL = 3;
				GCC_PREPROCESSOR_DEFINITIONS = (
					"DEBUG=1",
					"$(inherited)",
				);
				GCC_SYMBOLS_PRIVATE_EXTERN = NO;
				GCC_WARN_64_TO_32_BIT_CONVERSION = YES;
				GCC_WARN_ABOUT_RETURN_TYPE = YES;
				GCC_WARN_UNINITIALIZED_AUTOS = YES;
				GCC_WARN_UNUSED_VARIABLE = YES;
				MACOSX_DEPLOYMENT_TARGET = 10.8;
				ONLY_ACTIVE_ARCH = YES;
				SDKROOT = macosx;
			};
			name = Debug;
		};
		DD1A2DF91699E572001B4423 /* Release */ = {
			isa = XCBuildConfiguration;
			buildSettings = {
				ALWAYS_SEARCH_USER_PATHS = NO;
				ARCHS = "$(ARCHS_STANDARD_64_BIT)";
				CLANG_CXX_LANGUAGE_STANDARD = "gnu++0x";
				CLANG_CXX_LIBRARY = "libc++";
				CLANG_ENABLE_OBJC_ARC = YES;
				CLANG_WARN_EMPTY_BODY = YES;
				CLANG_WARN__DUPLICATE_METHOD_MATCH = YES;
				COPY_PHASE_STRIP = YES;
				DEBUG_INFORMATION_FORMAT = "dwarf-with-dsym";
				GCC_C_LANGUAGE_STANDARD = gnu99;
				GCC_ENABLE_OBJC_EXCEPTIONS = YES;
				GCC_WARN_64_TO_32_BIT_CONVERSION = YES;
				GCC_WARN_ABOUT_RETURN_TYPE = YES;
				GCC_WARN_UNINITIALIZED_AUTOS = YES;
				GCC_WARN_UNUSED_VARIABLE = YES;
				MACOSX_DEPLOYMENT_TARGET = 10.8;
				SDKROOT = macosx;
			};
			name = Release;
		};
		DD1A2DFB1699E572001B4423 /* Debug */ = {
			isa = XCBuildConfiguration;
			buildSettings = {
				COMBINE_HIDPI_IMAGES = YES;
				GCC_PRECOMPILE_PREFIX_HEADER = YES;
				GCC_PREFIX_HEADER = "SH/SH-Prefix.pch";
				HEADER_SEARCH_PATHS = (
					"\"$(SRCROOT)/../VideoSuiteUtilities/libs/Blackmagic DeckLink SDK 9.6.4/Mac/include\"",
					"\"$(SRCROOT)/../VideoSuiteUtilities/pymidi-master\"",
				);
				INFOPLIST_FILE = "SH/SH-Info.plist";
				PRODUCT_NAME = "$(TARGET_NAME)";
				WRAPPER_EXTENSION = app;
			};
			name = Debug;
		};
		DD1A2DFC1699E572001B4423 /* Release */ = {
			isa = XCBuildConfiguration;
			buildSettings = {
				COMBINE_HIDPI_IMAGES = YES;
				GCC_PRECOMPILE_PREFIX_HEADER = YES;
				GCC_PREFIX_HEADER = "SH/SH-Prefix.pch";
				HEADER_SEARCH_PATHS = (
					"\"$(SRCROOT)/../VideoSuiteUtilities/libs/Blackmagic DeckLink SDK 9.6.4/Mac/include\"",
					"\"$(SRCROOT)/../VideoSuiteUtilities/pymidi-master\"",
				);
				INFOPLIST_FILE = "SH/SH-Info.plist";
				PRODUCT_NAME = "$(TARGET_NAME)";
				WRAPPER_EXTENSION = app;
			};
			name = Release;
		};
/* End XCBuildConfiguration section */

/* Begin XCConfigurationList section */
		DD1A2DD61699E572001B4423 /* Build configuration list for PBXProject "SH" */ = {
			isa = XCConfigurationList;
			buildConfigurations = (
				DD1A2DF81699E572001B4423 /* Debug */,
				DD1A2DF91699E572001B4423 /* Release */,
			);
			defaultConfigurationIsVisible = 0;
			defaultConfigurationName = Release;
		};
		DD1A2DFA1699E572001B4423 /* Build configuration list for PBXNativeTarget "SH" */ = {
			isa = XCConfigurationList;
			buildConfigurations = (
				DD1A2DFB1699E572001B4423 /* Debug */,
				DD1A2DFC1699E572001B4423 /* Release */,
			);
			defaultConfigurationIsVisible = 0;
			defaultConfigurationName = Release;
		};
/* End XCConfigurationList section */
	};
	rootObject = DD1A2DD31699E572001B4423 /* Project object */;
}
